name: Sync foundation lockfile

on:
  push:
    branches: [cross-project-foundation]
    paths:
      - pubspec.yaml
      - packages/flutter_foundation/**

permissions:
  contents: write

jobs:
  sync:
    runs-on: ubuntu-latest
    timeout-minutes: 10
    steps:
      - uses: actions/checkout@v4
        with:
          submodules: recursive
          fetch-depth: 0
      - name: Resolve dependencies
        run: flutter/bin/flutter pub get
      - name: Commit generated lockfile
        shell: bash
        run: |
          if git diff --quiet -- pubspec.lock; then
            exit 0
          fi
          git config user.name 'github-actions[bot]'
          git config user.email '41898282+github-actions[bot]@users.noreply.github.com'
          git add pubspec.lock
          git commit -m 'chore: sync foundation lockfile'
          git push
